// !$*UTF8*$!
{
	archiveVersion = 1;
	classes = {
	};
	objectVersion = 55;
	objects = {

/* Begin PBXBuildFile section */
		54613BCFFDC4EE29F941714D /* Pods_localfood.framework in Frameworks */ = {isa = PBXBuildFile; fileRef = 27A88D6770BEA4197CEFEEB5 /* Pods_localfood.framework */; };
		6B1AC1B8280775AE002FC991 /* MarketCardView.xib in Resources */ = {isa = PBXBuildFile; fileRef = 6B1AC1B7280775AE002FC991 /* MarketCardView.xib */; };
		6B1AC1BC28077695002FC991 /* MarketCardView.swift in Sources */ = {isa = PBXBuildFile; fileRef = 6B1AC1BB28077695002FC991 /* MarketCardView.swift */; };
		6B7FB0A327FFF5DE00E304FF /* Market.swift in Sources */ = {isa = PBXBuildFile; fileRef = 6B7FB0A227FFF5DE00E304FF /* Market.swift */; };
		6B7FB0A5280210DC00E304FF /* MainTabBarController.swift in Sources */ = {isa = PBXBuildFile; fileRef = 6B7FB0A4280210DC00E304FF /* MainTabBarController.swift */; };
		6B7FB0A72802390100E304FF /* Markets.storyboard in Resources */ = {isa = PBXBuildFile; fileRef = 6B7FB0A62802390100E304FF /* Markets.storyboard */; };
		6B7FB0A928023FA200E304FF /* Home.storyboard in Resources */ = {isa = PBXBuildFile; fileRef = 6B7FB0A828023FA200E304FF /* Home.storyboard */; };
		6B7FB0AB2802402400E304FF /* Account.storyboard in Resources */ = {isa = PBXBuildFile; fileRef = 6B7FB0AA2802402400E304FF /* Account.storyboard */; };
		6B9B3CC027DD6FAE0073324C /* AppDelegate.swift in Sources */ = {isa = PBXBuildFile; fileRef = 6B9B3CBF27DD6FAE0073324C /* AppDelegate.swift */; };
		6B9B3CC227DD6FAE0073324C /* SceneDelegate.swift in Sources */ = {isa = PBXBuildFile; fileRef = 6B9B3CC127DD6FAE0073324C /* SceneDelegate.swift */; };
		6B9B3CC727DD6FAE0073324C /* Main.storyboard in Resources */ = {isa = PBXBuildFile; fileRef = 6B9B3CC527DD6FAE0073324C /* Main.storyboard */; };
		6B9B3CC927DD6FAE0073324C /* Assets.xcassets in Resources */ = {isa = PBXBuildFile; fileRef = 6B9B3CC827DD6FAE0073324C /* Assets.xcassets */; };
		6B9B3CCC27DD6FAE0073324C /* LaunchScreen.storyboard in Resources */ = {isa = PBXBuildFile; fileRef = 6B9B3CCA27DD6FAE0073324C /* LaunchScreen.storyboard */; };
		6B9B3CD727DD6FAF0073324C /* localfoodTests.swift in Sources */ = {isa = PBXBuildFile; fileRef = 6B9B3CD627DD6FAF0073324C /* localfoodTests.swift */; };
		6B9B3CE127DD6FAF0073324C /* localfoodUITests.swift in Sources */ = {isa = PBXBuildFile; fileRef = 6B9B3CE027DD6FAF0073324C /* localfoodUITests.swift */; };
		6B9B3CE327DD6FAF0073324C /* localfoodUITestsLaunchTests.swift in Sources */ = {isa = PBXBuildFile; fileRef = 6B9B3CE227DD6FAF0073324C /* localfoodUITestsLaunchTests.swift */; };
		6B9B3CF127DD844C0073324C /* HomeViewController.swift in Sources */ = {isa = PBXBuildFile; fileRef = 6B9B3CF027DD844C0073324C /* HomeViewController.swift */; };
		6B9B3CF327DD845F0073324C /* MarketsViewController.swift in Sources */ = {isa = PBXBuildFile; fileRef = 6B9B3CF227DD845F0073324C /* MarketsViewController.swift */; };
		6B9B3CF527DD846C0073324C /* AccountViewController.swift in Sources */ = {isa = PBXBuildFile; fileRef = 6B9B3CF427DD846C0073324C /* AccountViewController.swift */; };
		6B9B3CFA27DE751D0073324C /* SignupViewController.swift in Sources */ = {isa = PBXBuildFile; fileRef = 6B9B3CF627DE751D0073324C /* SignupViewController.swift */; };
		6B9B3CFB27DE751D0073324C /* SignViewController.swift in Sources */ = {isa = PBXBuildFile; fileRef = 6B9B3CF727DE751D0073324C /* SignViewController.swift */; };
		6B9B3CFC27DE751D0073324C /* SigninViewController.swift in Sources */ = {isa = PBXBuildFile; fileRef = 6B9B3CF827DE751D0073324C /* SigninViewController.swift */; };
		6B9B3CFD27DE751D0073324C /* FirstViewController.swift in Sources */ = {isa = PBXBuildFile; fileRef = 6B9B3CF927DE751D0073324C /* FirstViewController.swift */; };
		6B9B3D0127DE75620073324C /* ServerApi.swift in Sources */ = {isa = PBXBuildFile; fileRef = 6B9B3CFF27DE75620073324C /* ServerApi.swift */; };
		6B9B3D0227DE75620073324C /* Tools.swift in Sources */ = {isa = PBXBuildFile; fileRef = 6B9B3D0027DE75620073324C /* Tools.swift */; };
		6B9B3D0527DE763C0073324C /* User.swift in Sources */ = {isa = PBXBuildFile; fileRef = 6B9B3D0427DE763C0073324C /* User.swift */; };
		96361A4A52AD1FFEA3CFDC49 /* Pods_localfoodTests.framework in Frameworks */ = {isa = PBXBuildFile; fileRef = F272EF29EC44CDD6F9CF6006 /* Pods_localfoodTests.framework */; };
		DD414BD6784480C973DB1631 /* Pods_localfood_localfoodUITests.framework in Frameworks */ = {isa = PBXBuildFile; fileRef = 837985F44152C301ADFAA151 /* Pods_localfood_localfoodUITests.framework */; };
/* End PBXBuildFile section */

/* Begin PBXContainerItemProxy section */
		6B9B3CD327DD6FAF0073324C /* PBXContainerItemProxy */ = {
			isa = PBXContainerItemProxy;
			containerPortal = 6B9B3CB427DD6FAE0073324C /* Project object */;
			proxyType = 1;
			remoteGlobalIDString = 6B9B3CBB27DD6FAE0073324C;
			remoteInfo = localfood;
		};
		6B9B3CDD27DD6FAF0073324C /* PBXContainerItemProxy */ = {
			isa = PBXContainerItemProxy;
			containerPortal = 6B9B3CB427DD6FAE0073324C /* Project object */;
			proxyType = 1;
			remoteGlobalIDString = 6B9B3CBB27DD6FAE0073324C;
			remoteInfo = localfood;
		};
/* End PBXContainerItemProxy section */

/* Begin PBXFileReference section */
		0C045D95D4E10EE9137EEFA1 /* Pods-localfood-localfoodUITests.release.xcconfig */ = {isa = PBXFileReference; includeInIndex = 1; lastKnownFileType = text.xcconfig; name = "Pods-localfood-localfoodUITests.release.xcconfig"; path = "Target Support Files/Pods-localfood-localfoodUITests/Pods-localfood-localfoodUITests.release.xcconfig"; sourceTree = "<group>"; };
		27A88D6770BEA4197CEFEEB5 /* Pods_localfood.framework */ = {isa = PBXFileReference; explicitFileType = wrapper.framework; includeInIndex = 0; path = Pods_localfood.framework; sourceTree = BUILT_PRODUCTS_DIR; };
		38D1F5157C2B0D4F26AE83A4 /* Pods-localfood.release.xcconfig */ = {isa = PBXFileReference; includeInIndex = 1; lastKnownFileType = text.xcconfig; name = "Pods-localfood.release.xcconfig"; path = "Target Support Files/Pods-localfood/Pods-localfood.release.xcconfig"; sourceTree = "<group>"; };
		545016FAA1D366AFB937BAA8 /* Pods-localfoodTests.release.xcconfig */ = {isa = PBXFileReference; includeInIndex = 1; lastKnownFileType = text.xcconfig; name = "Pods-localfoodTests.release.xcconfig"; path = "Target Support Files/Pods-localfoodTests/Pods-localfoodTests.release.xcconfig"; sourceTree = "<group>"; };
		6B1AC1B7280775AE002FC991 /* MarketCardView.xib */ = {isa = PBXFileReference; lastKnownFileType = file.xib; path = MarketCardView.xib; sourceTree = "<group>"; };
		6B1AC1BB28077695002FC991 /* MarketCardView.swift */ = {isa = PBXFileReference; lastKnownFileType = sourcecode.swift; path = MarketCardView.swift; sourceTree = "<group>"; };
		6B7FB0A227FFF5DE00E304FF /* Market.swift */ = {isa = PBXFileReference; lastKnownFileType = sourcecode.swift; path = Market.swift; sourceTree = "<group>"; };
		6B7FB0A4280210DC00E304FF /* MainTabBarController.swift */ = {isa = PBXFileReference; lastKnownFileType = sourcecode.swift; path = MainTabBarController.swift; sourceTree = "<group>"; };
		6B7FB0A62802390100E304FF /* Markets.storyboard */ = {isa = PBXFileReference; lastKnownFileType = file.storyboard; path = Markets.storyboard; sourceTree = "<group>"; };
		6B7FB0A828023FA200E304FF /* Home.storyboard */ = {isa = PBXFileReference; lastKnownFileType = file.storyboard; path = Home.storyboard; sourceTree = "<group>"; };
		6B7FB0AA2802402400E304FF /* Account.storyboard */ = {isa = PBXFileReference; lastKnownFileType = file.storyboard; path = Account.storyboard; sourceTree = "<group>"; };
		6B9B3CBC27DD6FAE0073324C /* localfood.app */ = {isa = PBXFileReference; explicitFileType = wrapper.application; includeInIndex = 0; path = localfood.app; sourceTree = BUILT_PRODUCTS_DIR; };
		6B9B3CBF27DD6FAE0073324C /* AppDelegate.swift */ = {isa = PBXFileReference; lastKnownFileType = sourcecode.swift; path = AppDelegate.swift; sourceTree = "<group>"; };
		6B9B3CC127DD6FAE0073324C /* SceneDelegate.swift */ = {isa = PBXFileReference; lastKnownFileType = sourcecode.swift; path = SceneDelegate.swift; sourceTree = "<group>"; };
		6B9B3CC627DD6FAE0073324C /* Base */ = {isa = PBXFileReference; lastKnownFileType = file.storyboard; name = Base; path = Base.lproj/Main.storyboard; sourceTree = "<group>"; };
		6B9B3CC827DD6FAE0073324C /* Assets.xcassets */ = {isa = PBXFileReference; lastKnownFileType = folder.assetcatalog; path = Assets.xcassets; sourceTree = "<group>"; };
		6B9B3CCB27DD6FAE0073324C /* Base */ = {isa = PBXFileReference; lastKnownFileType = file.storyboard; name = Base; path = Base.lproj/LaunchScreen.storyboard; sourceTree = "<group>"; };
		6B9B3CCD27DD6FAE0073324C /* Info.plist */ = {isa = PBXFileReference; lastKnownFileType = text.plist.xml; path = Info.plist; sourceTree = "<group>"; };
		6B9B3CD227DD6FAF0073324C /* localfoodTests.xctest */ = {isa = PBXFileReference; explicitFileType = wrapper.cfbundle; includeInIndex = 0; path = localfoodTests.xctest; sourceTree = BUILT_PRODUCTS_DIR; };
		6B9B3CD627DD6FAF0073324C /* localfoodTests.swift */ = {isa = PBXFileReference; lastKnownFileType = sourcecode.swift; path = localfoodTests.swift; sourceTree = "<group>"; };
		6B9B3CDC27DD6FAF0073324C /* localfoodUITests.xctest */ = {isa = PBXFileReference; explicitFileType = wrapper.cfbundle; includeInIndex = 0; path = localfoodUITests.xctest; sourceTree = BUILT_PRODUCTS_DIR; };
		6B9B3CE027DD6FAF0073324C /* localfoodUITests.swift */ = {isa = PBXFileReference; lastKnownFileType = sourcecode.swift; path = localfoodUITests.swift; sourceTree = "<group>"; };
		6B9B3CE227DD6FAF0073324C /* localfoodUITestsLaunchTests.swift */ = {isa = PBXFileReference; lastKnownFileType = sourcecode.swift; path = localfoodUITestsLaunchTests.swift; sourceTree = "<group>"; };
		6B9B3CF027DD844C0073324C /* HomeViewController.swift */ = {isa = PBXFileReference; lastKnownFileType = sourcecode.swift; path = HomeViewController.swift; sourceTree = "<group>"; };
		6B9B3CF227DD845F0073324C /* MarketsViewController.swift */ = {isa = PBXFileReference; lastKnownFileType = sourcecode.swift; path = MarketsViewController.swift; sourceTree = "<group>"; };
		6B9B3CF427DD846C0073324C /* AccountViewController.swift */ = {isa = PBXFileReference; lastKnownFileType = sourcecode.swift; path = AccountViewController.swift; sourceTree = "<group>"; };
		6B9B3CF627DE751D0073324C /* SignupViewController.swift */ = {isa = PBXFileReference; fileEncoding = 4; lastKnownFileType = sourcecode.swift; path = SignupViewController.swift; sourceTree = "<group>"; };
		6B9B3CF727DE751D0073324C /* SignViewController.swift */ = {isa = PBXFileReference; fileEncoding = 4; lastKnownFileType = sourcecode.swift; path = SignViewController.swift; sourceTree = "<group>"; };
		6B9B3CF827DE751D0073324C /* SigninViewController.swift */ = {isa = PBXFileReference; fileEncoding = 4; lastKnownFileType = sourcecode.swift; path = SigninViewController.swift; sourceTree = "<group>"; };
		6B9B3CF927DE751D0073324C /* FirstViewController.swift */ = {isa = PBXFileReference; fileEncoding = 4; lastKnownFileType = sourcecode.swift; path = FirstViewController.swift; sourceTree = "<group>"; };
		6B9B3CFF27DE75620073324C /* ServerApi.swift */ = {isa = PBXFileReference; fileEncoding = 4; lastKnownFileType = sourcecode.swift; path = ServerApi.swift; sourceTree = "<group>"; };
		6B9B3D0027DE75620073324C /* Tools.swift */ = {isa = PBXFileReference; fileEncoding = 4; lastKnownFileType = sourcecode.swift; path = Tools.swift; sourceTree = "<group>"; };
		6B9B3D0427DE763C0073324C /* User.swift */ = {isa = PBXFileReference; fileEncoding = 4; lastKnownFileType = sourcecode.swift; path = User.swift; sourceTree = "<group>"; };
		7D158DF51F3A6EC9F9D39AAB /* Pods-localfood-localfoodUITests.debug.xcconfig */ = {isa = PBXFileReference; includeInIndex = 1; lastKnownFileType = text.xcconfig; name = "Pods-localfood-localfoodUITests.debug.xcconfig"; path = "Target Support Files/Pods-localfood-localfoodUITests/Pods-localfood-localfoodUITests.debug.xcconfig"; sourceTree = "<group>"; };
		837985F44152C301ADFAA151 /* Pods_localfood_localfoodUITests.framework */ = {isa = PBXFileReference; explicitFileType = wrapper.framework; includeInIndex = 0; path = Pods_localfood_localfoodUITests.framework; sourceTree = BUILT_PRODUCTS_DIR; };
		88CD8E886929EBC6BC7A829A /* Pods-localfood.debug.xcconfig */ = {isa = PBXFileReference; includeInIndex = 1; lastKnownFileType = text.xcconfig; name = "Pods-localfood.debug.xcconfig"; path = "Target Support Files/Pods-localfood/Pods-localfood.debug.xcconfig"; sourceTree = "<group>"; };
		97E460E8841AE4F06C90BED2 /* Pods-localfoodTests.debug.xcconfig */ = {isa = PBXFileReference; includeInIndex = 1; lastKnownFileType = text.xcconfig; name = "Pods-localfoodTests.debug.xcconfig"; path = "Target Support Files/Pods-localfoodTests/Pods-localfoodTests.debug.xcconfig"; sourceTree = "<group>"; };
		F272EF29EC44CDD6F9CF6006 /* Pods_localfoodTests.framework */ = {isa = PBXFileReference; explicitFileType = wrapper.framework; includeInIndex = 0; path = Pods_localfoodTests.framework; sourceTree = BUILT_PRODUCTS_DIR; };
/* End PBXFileReference section */

/* Begin PBXFrameworksBuildPhase section */
		6B9B3CB927DD6FAE0073324C /* Frameworks */ = {
			isa = PBXFrameworksBuildPhase;
			buildActionMask = 2147483647;
			files = (
				54613BCFFDC4EE29F941714D /* Pods_localfood.framework in Frameworks */,
			);
			runOnlyForDeploymentPostprocessing = 0;
		};
		6B9B3CCF27DD6FAF0073324C /* Frameworks */ = {
			isa = PBXFrameworksBuildPhase;
			buildActionMask = 2147483647;
			files = (
				96361A4A52AD1FFEA3CFDC49 /* Pods_localfoodTests.framework in Frameworks */,
			);
			runOnlyForDeploymentPostprocessing = 0;
		};
		6B9B3CD927DD6FAF0073324C /* Frameworks */ = {
			isa = PBXFrameworksBuildPhase;
			buildActionMask = 2147483647;
			files = (
				DD414BD6784480C973DB1631 /* Pods_localfood_localfoodUITests.framework in Frameworks */,
			);
			runOnlyForDeploymentPostprocessing = 0;
		};
/* End PBXFrameworksBuildPhase section */

/* Begin PBXGroup section */
		6B1AC1B6280774A6002FC991 /* Markets */ = {
			isa = PBXGroup;
			children = (
				6B9B3CF227DD845F0073324C /* MarketsViewController.swift */,
				6B7FB0A62802390100E304FF /* Markets.storyboard */,
				6B1AC1B7280775AE002FC991 /* MarketCardView.xib */,
				6B1AC1BB28077695002FC991 /* MarketCardView.swift */,
			);
			path = Markets;
			sourceTree = "<group>";
		};
		6B9B3CB327DD6FAE0073324C = {
			isa = PBXGroup;
			children = (
				6B9B3CBE27DD6FAE0073324C /* localfood */,
				6B9B3CD527DD6FAF0073324C /* localfoodTests */,
				6B9B3CDF27DD6FAF0073324C /* localfoodUITests */,
				6B9B3CBD27DD6FAE0073324C /* Products */,
				C1476F40FEF9EADD8BB041D3 /* Pods */,
				EFE7B980029D10D7F17FA329 /* Frameworks */,
			);
			sourceTree = "<group>";
		};
		6B9B3CBD27DD6FAE0073324C /* Products */ = {
			isa = PBXGroup;
			children = (
				6B9B3CBC27DD6FAE0073324C /* localfood.app */,
				6B9B3CD227DD6FAF0073324C /* localfoodTests.xctest */,
				6B9B3CDC27DD6FAF0073324C /* localfoodUITests.xctest */,
			);
			name = Products;
			sourceTree = "<group>";
		};
		6B9B3CBE27DD6FAE0073324C /* localfood */ = {
			isa = PBXGroup;
			children = (
				6B9B3D0327DE761D0073324C /* Datas */,
				6B9B3CFE27DE753E0073324C /* Controllers */,
				6B9B3CEF27DD80260073324C /* Views */,
				6B9B3CBF27DD6FAE0073324C /* AppDelegate.swift */,
				6B9B3CC127DD6FAE0073324C /* SceneDelegate.swift */,
				6B9B3CC827DD6FAE0073324C /* Assets.xcassets */,
				6B9B3CCA27DD6FAE0073324C /* LaunchScreen.storyboard */,
				6B9B3CCD27DD6FAE0073324C /* Info.plist */,
			);
			path = localfood;
			sourceTree = "<group>";
		};
		6B9B3CD527DD6FAF0073324C /* localfoodTests */ = {
			isa = PBXGroup;
			children = (
				6B9B3CD627DD6FAF0073324C /* localfoodTests.swift */,
			);
			path = localfoodTests;
			sourceTree = "<group>";
		};
		6B9B3CDF27DD6FAF0073324C /* localfoodUITests */ = {
			isa = PBXGroup;
			children = (
				6B9B3CE027DD6FAF0073324C /* localfoodUITests.swift */,
				6B9B3CE227DD6FAF0073324C /* localfoodUITestsLaunchTests.swift */,
			);
			path = localfoodUITests;
			sourceTree = "<group>";
		};
		6B9B3CEF27DD80260073324C /* Views */ = {
			isa = PBXGroup;
			children = (
				6B1AC1B6280774A6002FC991 /* Markets */,
				6B9B3CC527DD6FAE0073324C /* Main.storyboard */,
				6B9B3CF927DE751D0073324C /* FirstViewController.swift */,
				6B9B3CF827DE751D0073324C /* SigninViewController.swift */,
				6B9B3CF627DE751D0073324C /* SignupViewController.swift */,
				6B9B3CF727DE751D0073324C /* SignViewController.swift */,
				6B9B3CF027DD844C0073324C /* HomeViewController.swift */,
				6B9B3CF427DD846C0073324C /* AccountViewController.swift */,
				6B7FB0A4280210DC00E304FF /* MainTabBarController.swift */,
				6B7FB0A828023FA200E304FF /* Home.storyboard */,
				6B7FB0AA2802402400E304FF /* Account.storyboard */,
			);
			path = Views;
			sourceTree = "<group>";
		};
		6B9B3CFE27DE753E0073324C /* Controllers */ = {
			isa = PBXGroup;
			children = (
				6B9B3CFF27DE75620073324C /* ServerApi.swift */,
				6B9B3D0027DE75620073324C /* Tools.swift */,
			);
			path = Controllers;
			sourceTree = "<group>";
		};
		6B9B3D0327DE761D0073324C /* Datas */ = {
			isa = PBXGroup;
			children = (
				6B9B3D0427DE763C0073324C /* User.swift */,
				6B7FB0A227FFF5DE00E304FF /* Market.swift */,
			);
			path = Datas;
			sourceTree = "<group>";
		};
		C1476F40FEF9EADD8BB041D3 /* Pods */ = {
			isa = PBXGroup;
			children = (
				88CD8E886929EBC6BC7A829A /* Pods-localfood.debug.xcconfig */,
				38D1F5157C2B0D4F26AE83A4 /* Pods-localfood.release.xcconfig */,
				7D158DF51F3A6EC9F9D39AAB /* Pods-localfood-localfoodUITests.debug.xcconfig */,
				0C045D95D4E10EE9137EEFA1 /* Pods-localfood-localfoodUITests.release.xcconfig */,
				97E460E8841AE4F06C90BED2 /* Pods-localfoodTests.debug.xcconfig */,
				545016FAA1D366AFB937BAA8 /* Pods-localfoodTests.release.xcconfig */,
			);
			path = Pods;
			sourceTree = "<group>";
		};
		EFE7B980029D10D7F17FA329 /* Frameworks */ = {
			isa = PBXGroup;
			children = (
				27A88D6770BEA4197CEFEEB5 /* Pods_localfood.framework */,
				837985F44152C301ADFAA151 /* Pods_localfood_localfoodUITests.framework */,
				F272EF29EC44CDD6F9CF6006 /* Pods_localfoodTests.framework */,
			);
			name = Frameworks;
			sourceTree = "<group>";
		};
/* End PBXGroup section */

/* Begin PBXNativeTarget section */
		6B9B3CBB27DD6FAE0073324C /* localfood */ = {
			isa = PBXNativeTarget;
			buildConfigurationList = 6B9B3CE627DD6FAF0073324C /* Build configuration list for PBXNativeTarget "localfood" */;
			buildPhases = (
				5D67A2BCF0FF0310D4CA6052 /* [CP] Check Pods Manifest.lock */,
				6B9B3CB827DD6FAE0073324C /* Sources */,
				6B9B3CB927DD6FAE0073324C /* Frameworks */,
				6B9B3CBA27DD6FAE0073324C /* Resources */,
				5A22C5224C93124C49ACE7F9 /* [CP] Embed Pods Frameworks */,
			);
			buildRules = (
			);
			dependencies = (
			);
			name = localfood;
			productName = localfood;
			productReference = 6B9B3CBC27DD6FAE0073324C /* localfood.app */;
			productType = "com.apple.product-type.application";
		};
		6B9B3CD127DD6FAF0073324C /* localfoodTests */ = {
			isa = PBXNativeTarget;
			buildConfigurationList = 6B9B3CE927DD6FAF0073324C /* Build configuration list for PBXNativeTarget "localfoodTests" */;
			buildPhases = (
				EFF9032EC5FBC7BBD21A6C12 /* [CP] Check Pods Manifest.lock */,
				6B9B3CCE27DD6FAF0073324C /* Sources */,
				6B9B3CCF27DD6FAF0073324C /* Frameworks */,
				6B9B3CD027DD6FAF0073324C /* Resources */,
			);
			buildRules = (
			);
			dependencies = (
				6B9B3CD427DD6FAF0073324C /* PBXTargetDependency */,
			);
			name = localfoodTests;
			productName = localfoodTests;
			productReference = 6B9B3CD227DD6FAF0073324C /* localfoodTests.xctest */;
			productType = "com.apple.product-type.bundle.unit-test";
		};
		6B9B3CDB27DD6FAF0073324C /* localfoodUITests */ = {
			isa = PBXNativeTarget;
			buildConfigurationList = 6B9B3CEC27DD6FAF0073324C /* Build configuration list for PBXNativeTarget "localfoodUITests" */;
			buildPhases = (
				7AC81743D3DD14E76341406B /* [CP] Check Pods Manifest.lock */,
				6B9B3CD827DD6FAF0073324C /* Sources */,
				6B9B3CD927DD6FAF0073324C /* Frameworks */,
				6B9B3CDA27DD6FAF0073324C /* Resources */,
				FBDC307DF227055E05D93982 /* [CP] Embed Pods Frameworks */,
			);
			buildRules = (
			);
			dependencies = (
				6B9B3CDE27DD6FAF0073324C /* PBXTargetDependency */,
			);
			name = localfoodUITests;
			productName = localfoodUITests;
			productReference = 6B9B3CDC27DD6FAF0073324C /* localfoodUITests.xctest */;
			productType = "com.apple.product-type.bundle.ui-testing";
		};
/* End PBXNativeTarget section */

/* Begin PBXProject section */
		6B9B3CB427DD6FAE0073324C /* Project object */ = {
			isa = PBXProject;
			attributes = {
				BuildIndependentTargetsInParallel = 1;
				LastSwiftUpdateCheck = 1320;
				LastUpgradeCheck = 1320;
				TargetAttributes = {
					6B9B3CBB27DD6FAE0073324C = {
						CreatedOnToolsVersion = 13.2.1;
					};
					6B9B3CD127DD6FAF0073324C = {
						CreatedOnToolsVersion = 13.2.1;
						TestTargetID = 6B9B3CBB27DD6FAE0073324C;
					};
					6B9B3CDB27DD6FAF0073324C = {
						CreatedOnToolsVersion = 13.2.1;
						TestTargetID = 6B9B3CBB27DD6FAE0073324C;
					};
				};
			};
			buildConfigurationList = 6B9B3CB727DD6FAE0073324C /* Build configuration list for PBXProject "localfood" */;
			compatibilityVersion = "Xcode 13.0";
			developmentRegion = en;
			hasScannedForEncodings = 0;
			knownRegions = (
				en,
				Base,
			);
			mainGroup = 6B9B3CB327DD6FAE0073324C;
			productRefGroup = 6B9B3CBD27DD6FAE0073324C /* Products */;
			projectDirPath = "";
			projectRoot = "";
			targets = (
				6B9B3CBB27DD6FAE0073324C /* localfood */,
				6B9B3CD127DD6FAF0073324C /* localfoodTests */,
				6B9B3CDB27DD6FAF0073324C /* localfoodUITests */,
			);
		};
/* End PBXProject section */

/* Begin PBXResourcesBuildPhase section */
		6B9B3CBA27DD6FAE0073324C /* Resources */ = {
			isa = PBXResourcesBuildPhase;
			buildActionMask = 2147483647;
			files = (
				6B7FB0A72802390100E304FF /* Markets.storyboard in Resources */,
				6B7FB0A928023FA200E304FF /* Home.storyboard in Resources */,
				6B9B3CCC27DD6FAE0073324C /* LaunchScreen.storyboard in Resources */,
				6B9B3CC927DD6FAE0073324C /* Assets.xcassets in Resources */,
				6B7FB0AB2802402400E304FF /* Account.storyboard in Resources */,
				6B9B3CC727DD6FAE0073324C /* Main.storyboard in Resources */,
				6B1AC1B8280775AE002FC991 /* MarketCardView.xib in Resources */,
			);
			runOnlyForDeploymentPostprocessing = 0;
		};
		6B9B3CD027DD6FAF0073324C /* Resources */ = {
			isa = PBXResourcesBuildPhase;
			buildActionMask = 2147483647;
			files = (
			);
			runOnlyForDeploymentPostprocessing = 0;
		};
		6B9B3CDA27DD6FAF0073324C /* Resources */ = {
			isa = PBXResourcesBuildPhase;
			buildActionMask = 2147483647;
			files = (
			);
			runOnlyForDeploymentPostprocessing = 0;
		};
/* End PBXResourcesBuildPhase section */

/* Begin PBXShellScriptBuildPhase section */
		5A22C5224C93124C49ACE7F9 /* [CP] Embed Pods Frameworks */ = {
			isa = PBXShellScriptBuildPhase;
			buildActionMask = 2147483647;
			files = (
			);
			inputFileListPaths = (
				"${PODS_ROOT}/Target Support Files/Pods-localfood/Pods-localfood-frameworks-${CONFIGURATION}-input-files.xcfilelist",
			);
			name = "[CP] Embed Pods Frameworks";
			outputFileListPaths = (
				"${PODS_ROOT}/Target Support Files/Pods-localfood/Pods-localfood-frameworks-${CONFIGURATION}-output-files.xcfilelist",
			);
			runOnlyForDeploymentPostprocessing = 0;
			shellPath = /bin/sh;
			shellScript = "\"${PODS_ROOT}/Target Support Files/Pods-localfood/Pods-localfood-frameworks.sh\"\n";
			showEnvVarsInLog = 0;
		};
		5D67A2BCF0FF0310D4CA6052 /* [CP] Check Pods Manifest.lock */ = {
			isa = PBXShellScriptBuildPhase;
			buildActionMask = 2147483647;
			files = (
			);
			inputFileListPaths = (
			);
			inputPaths = (
				"${PODS_PODFILE_DIR_PATH}/Podfile.lock",
				"${PODS_ROOT}/Manifest.lock",
			);
			name = "[CP] Check Pods Manifest.lock";
			outputFileListPaths = (
			);
			outputPaths = (
				"$(DERIVED_FILE_DIR)/Pods-localfood-checkManifestLockResult.txt",
			);
			runOnlyForDeploymentPostprocessing = 0;
			shellPath = /bin/sh;
			shellScript = "diff \"${PODS_PODFILE_DIR_PATH}/Podfile.lock\" \"${PODS_ROOT}/Manifest.lock\" > /dev/null\nif [ $? != 0 ] ; then\n    # print error to STDERR\n    echo \"error: The sandbox is not in sync with the Podfile.lock. Run 'pod install' or update your CocoaPods installation.\" >&2\n    exit 1\nfi\n# This output is used by Xcode 'outputs' to avoid re-running this script phase.\necho \"SUCCESS\" > \"${SCRIPT_OUTPUT_FILE_0}\"\n";
			showEnvVarsInLog = 0;
		};
		7AC81743D3DD14E76341406B /* [CP] Check Pods Manifest.lock */ = {
			isa = PBXShellScriptBuildPhase;
			buildActionMask = 2147483647;
			files = (
			);
			inputFileListPaths = (
			);
			inputPaths = (
				"${PODS_PODFILE_DIR_PATH}/Podfile.lock",
				"${PODS_ROOT}/Manifest.lock",
			);
			name = "[CP] Check Pods Manifest.lock";
			outputFileListPaths = (
			);
			outputPaths = (
				"$(DERIVED_FILE_DIR)/Pods-localfood-localfoodUITests-checkManifestLockResult.txt",
			);
			runOnlyForDeploymentPostprocessing = 0;
			shellPath = /bin/sh;
			shellScript = "diff \"${PODS_PODFILE_DIR_PATH}/Podfile.lock\" \"${PODS_ROOT}/Manifest.lock\" > /dev/null\nif [ $? != 0 ] ; then\n    # print error to STDERR\n    echo \"error: The sandbox is not in sync with the Podfile.lock. Run 'pod install' or update your CocoaPods installation.\" >&2\n    exit 1\nfi\n# This output is used by Xcode 'outputs' to avoid re-running this script phase.\necho \"SUCCESS\" > \"${SCRIPT_OUTPUT_FILE_0}\"\n";
			showEnvVarsInLog = 0;
		};
		EFF9032EC5FBC7BBD21A6C12 /* [CP] Check Pods Manifest.lock */ = {
			isa = PBXShellScriptBuildPhase;
			buildActionMask = 2147483647;
			files = (
			);
			inputFileListPaths = (
			);
			inputPaths = (
				"${PODS_PODFILE_DIR_PATH}/Podfile.lock",
				"${PODS_ROOT}/Manifest.lock",
			);
			name = "[CP] Check Pods Manifest.lock";
			outputFileListPaths = (
			);
			outputPaths = (
				"$(DERIVED_FILE_DIR)/Pods-localfoodTests-checkManifestLockResult.txt",
			);
			runOnlyForDeploymentPostprocessing = 0;
			shellPath = /bin/sh;
			shellScript = "diff \"${PODS_PODFILE_DIR_PATH}/Podfile.lock\" \"${PODS_ROOT}/Manifest.lock\" > /dev/null\nif [ $? != 0 ] ; then\n    # print error to STDERR\n    echo \"error: The sandbox is not in sync with the Podfile.lock. Run 'pod install' or update your CocoaPods installation.\" >&2\n    exit 1\nfi\n# This output is used by Xcode 'outputs' to avoid re-running this script phase.\necho \"SUCCESS\" > \"${SCRIPT_OUTPUT_FILE_0}\"\n";
			showEnvVarsInLog = 0;
		};
		FBDC307DF227055E05D93982 /* [CP] Embed Pods Frameworks */ = {
			isa = PBXShellScriptBuildPhase;
			buildActionMask = 2147483647;
			files = (
			);
			inputFileListPaths = (
				"${PODS_ROOT}/Target Support Files/Pods-localfood-localfoodUITests/Pods-localfood-localfoodUITests-frameworks-${CONFIGURATION}-input-files.xcfilelist",
			);
			name = "[CP] Embed Pods Frameworks";
			outputFileListPaths = (
				"${PODS_ROOT}/Target Support Files/Pods-localfood-localfoodUITests/Pods-localfood-localfoodUITests-frameworks-${CONFIGURATION}-output-files.xcfilelist",
			);
			runOnlyForDeploymentPostprocessing = 0;
			shellPath = /bin/sh;
			shellScript = "\"${PODS_ROOT}/Target Support Files/Pods-localfood-localfoodUITests/Pods-localfood-localfoodUITests-frameworks.sh\"\n";
			showEnvVarsInLog = 0;
		};
/* End PBXShellScriptBuildPhase section */

/* Begin PBXSourcesBuildPhase section */
		6B9B3CB827DD6FAE0073324C /* Sources */ = {
			isa = PBXSourcesBuildPhase;
			buildActionMask = 2147483647;
			files = (
				6B9B3CFD27DE751D0073324C /* FirstViewController.swift in Sources */,
				6B7FB0A327FFF5DE00E304FF /* Market.swift in Sources */,
				6B9B3CFB27DE751D0073324C /* SignViewController.swift in Sources */,
				6B7FB0A5280210DC00E304FF /* MainTabBarController.swift in Sources */,
				6B9B3CFA27DE751D0073324C /* SignupViewController.swift in Sources */,
				6B9B3CF327DD845F0073324C /* MarketsViewController.swift in Sources */,
				6B9B3CF527DD846C0073324C /* AccountViewController.swift in Sources */,
				6B9B3CFC27DE751D0073324C /* SigninViewController.swift in Sources */,
				6B9B3CC027DD6FAE0073324C /* AppDelegate.swift in Sources */,
				6B9B3D0227DE75620073324C /* Tools.swift in Sources */,
				6B1AC1BC28077695002FC991 /* MarketCardView.swift in Sources */,
				6B9B3D0527DE763C0073324C /* User.swift in Sources */,
				6B9B3D0127DE75620073324C /* ServerApi.swift in Sources */,
				6B9B3CC227DD6FAE0073324C /* SceneDelegate.swift in Sources */,
				6B9B3CF127DD844C0073324C /* HomeViewController.swift in Sources */,
			);
			runOnlyForDeploymentPostprocessing = 0;
		};
		6B9B3CCE27DD6FAF0073324C /* Sources */ = {
			isa = PBXSourcesBuildPhase;
			buildActionMask = 2147483647;
			files = (
				6B9B3CD727DD6FAF0073324C /* localfoodTests.swift in Sources */,
			);
			runOnlyForDeploymentPostprocessing = 0;
		};
		6B9B3CD827DD6FAF0073324C /* Sources */ = {
			isa = PBXSourcesBuildPhase;
			buildActionMask = 2147483647;
			files = (
				6B9B3CE327DD6FAF0073324C /* localfoodUITestsLaunchTests.swift in Sources */,
				6B9B3CE127DD6FAF0073324C /* localfoodUITests.swift in Sources */,
			);
			runOnlyForDeploymentPostprocessing = 0;
		};
/* End PBXSourcesBuildPhase section */

/* Begin PBXTargetDependency section */
		6B9B3CD427DD6FAF0073324C /* PBXTargetDependency */ = {
			isa = PBXTargetDependency;
			target = 6B9B3CBB27DD6FAE0073324C /* localfood */;
			targetProxy = 6B9B3CD327DD6FAF0073324C /* PBXContainerItemProxy */;
		};
		6B9B3CDE27DD6FAF0073324C /* PBXTargetDependency */ = {
			isa = PBXTargetDependency;
			target = 6B9B3CBB27DD6FAE0073324C /* localfood */;
			targetProxy = 6B9B3CDD27DD6FAF0073324C /* PBXContainerItemProxy */;
		};
/* End PBXTargetDependency section */

/* Begin PBXVariantGroup section */
		6B9B3CC527DD6FAE0073324C /* Main.storyboard */ = {
			isa = PBXVariantGroup;
			children = (
				6B9B3CC627DD6FAE0073324C /* Base */,
			);
			name = Main.storyboard;
			sourceTree = "<group>";
		};
		6B9B3CCA27DD6FAE0073324C /* LaunchScreen.storyboard */ = {
			isa = PBXVariantGroup;
			children = (
				6B9B3CCB27DD6FAE0073324C /* Base */,
			);
			name = LaunchScreen.storyboard;
			sourceTree = "<group>";
		};
/* End PBXVariantGroup section */

/* Begin XCBuildConfiguration section */
		6B9B3CE427DD6FAF0073324C /* Debug */ = {
			isa = XCBuildConfiguration;
			buildSettings = {
				ALWAYS_SEARCH_USER_PATHS = NO;
				CLANG_ANALYZER_NONNULL = YES;
				CLANG_ANALYZER_NUMBER_OBJECT_CONVERSION = YES_AGGRESSIVE;
				CLANG_CXX_LANGUAGE_STANDARD = "gnu++17";
				CLANG_CXX_LIBRARY = "libc++";
				CLANG_ENABLE_MODULES = YES;
				CLANG_ENABLE_OBJC_ARC = YES;
				CLANG_ENABLE_OBJC_WEAK = YES;
				CLANG_WARN_BLOCK_CAPTURE_AUTORELEASING = YES;
				CLANG_WARN_BOOL_CONVERSION = YES;
				CLANG_WARN_COMMA = YES;
				CLANG_WARN_CONSTANT_CONVERSION = YES;
				CLANG_WARN_DEPRECATED_OBJC_IMPLEMENTATIONS = YES;
				CLANG_WARN_DIRECT_OBJC_ISA_USAGE = YES_ERROR;
				CLANG_WARN_DOCUMENTATION_COMMENTS = YES;
				CLANG_WARN_EMPTY_BODY = YES;
				CLANG_WARN_ENUM_CONVERSION = YES;
				CLANG_WARN_INFINITE_RECURSION = YES;
				CLANG_WARN_INT_CONVERSION = YES;
				CLANG_WARN_NON_LITERAL_NULL_CONVERSION = YES;
				CLANG_WARN_OBJC_IMPLICIT_RETAIN_SELF = YES;
				CLANG_WARN_OBJC_LITERAL_CONVERSION = YES;
				CLANG_WARN_OBJC_ROOT_CLASS = YES_ERROR;
				CLANG_WARN_QUOTED_INCLUDE_IN_FRAMEWORK_HEADER = YES;
				CLANG_WARN_RANGE_LOOP_ANALYSIS = YES;
				CLANG_WARN_STRICT_PROTOTYPES = YES;
				CLANG_WARN_SUSPICIOUS_MOVE = YES;
				CLANG_WARN_UNGUARDED_AVAILABILITY = YES_AGGRESSIVE;
				CLANG_WARN_UNREACHABLE_CODE = YES;
				CLANG_WARN__DUPLICATE_METHOD_MATCH = YES;
				COPY_PHASE_STRIP = NO;
				DEBUG_INFORMATION_FORMAT = dwarf;
				ENABLE_STRICT_OBJC_MSGSEND = YES;
				ENABLE_TESTABILITY = YES;
				GCC_C_LANGUAGE_STANDARD = gnu11;
				GCC_DYNAMIC_NO_PIC = NO;
				GCC_NO_COMMON_BLOCKS = YES;
				GCC_OPTIMIZATION_LEVEL = 0;
				GCC_PREPROCESSOR_DEFINITIONS = (
					"DEBUG=1",
					"$(inherited)",
				);
				GCC_WARN_64_TO_32_BIT_CONVERSION = YES;
				GCC_WARN_ABOUT_RETURN_TYPE = YES_ERROR;
				GCC_WARN_UNDECLARED_SELECTOR = YES;
				GCC_WARN_UNINITIALIZED_AUTOS = YES_AGGRESSIVE;
				GCC_WARN_UNUSED_FUNCTION = YES;
				GCC_WARN_UNUSED_VARIABLE = YES;
				IPHONEOS_DEPLOYMENT_TARGET = 15.2;
				MTL_ENABLE_DEBUG_INFO = INCLUDE_SOURCE;
				MTL_FAST_MATH = YES;
				ONLY_ACTIVE_ARCH = YES;
				SDKROOT = iphoneos;
				SWIFT_ACTIVE_COMPILATION_CONDITIONS = DEBUG;
				SWIFT_OPTIMIZATION_LEVEL = "-Onone";
			};
			name = Debug;
		};
		6B9B3CE527DD6FAF0073324C /* Release */ = {
			isa = XCBuildConfiguration;
			buildSettings = {
				ALWAYS_SEARCH_USER_PATHS = NO;
				CLANG_ANALYZER_NONNULL = YES;
				CLANG_ANALYZER_NUMBER_OBJECT_CONVERSION = YES_AGGRESSIVE;
				CLANG_CXX_LANGUAGE_STANDARD = "gnu++17";
				CLANG_CXX_LIBRARY = "libc++";
				CLANG_ENABLE_MODULES = YES;
				CLANG_ENABLE_OBJC_ARC = YES;
				CLANG_ENABLE_OBJC_WEAK = YES;
				CLANG_WARN_BLOCK_CAPTURE_AUTORELEASING = YES;
				CLANG_WARN_BOOL_CONVERSION = YES;
				CLANG_WARN_COMMA = YES;
				CLANG_WARN_CONSTANT_CONVERSION = YES;
				CLANG_WARN_DEPRECATED_OBJC_IMPLEMENTATIONS = YES;
				CLANG_WARN_DIRECT_OBJC_ISA_USAGE = YES_ERROR;
				CLANG_WARN_DOCUMENTATION_COMMENTS = YES;
				CLANG_WARN_EMPTY_BODY = YES;
				CLANG_WARN_ENUM_CONVERSION = YES;
				CLANG_WARN_INFINITE_RECURSION = YES;
				CLANG_WARN_INT_CONVERSION = YES;
				CLANG_WARN_NON_LITERAL_NULL_CONVERSION = YES;
				CLANG_WARN_OBJC_IMPLICIT_RETAIN_SELF = YES;
				CLANG_WARN_OBJC_LITERAL_CONVERSION = YES;
				CLANG_WARN_OBJC_ROOT_CLASS = YES_ERROR;
				CLANG_WARN_QUOTED_INCLUDE_IN_FRAMEWORK_HEADER = YES;
				CLANG_WARN_RANGE_LOOP_ANALYSIS = YES;
				CLANG_WARN_STRICT_PROTOTYPES = YES;
				CLANG_WARN_SUSPICIOUS_MOVE = YES;
				CLANG_WARN_UNGUARDED_AVAILABILITY = YES_AGGRESSIVE;
				CLANG_WARN_UNREACHABLE_CODE = YES;
				CLANG_WARN__DUPLICATE_METHOD_MATCH = YES;
				COPY_PHASE_STRIP = NO;
				DEBUG_INFORMATION_FORMAT = "dwarf-with-dsym";
				ENABLE_NS_ASSERTIONS = NO;
				ENABLE_STRICT_OBJC_MSGSEND = YES;
				GCC_C_LANGUAGE_STANDARD = gnu11;
				GCC_NO_COMMON_BLOCKS = YES;
				GCC_WARN_64_TO_32_BIT_CONVERSION = YES;
				GCC_WARN_ABOUT_RETURN_TYPE = YES_ERROR;
				GCC_WARN_UNDECLARED_SELECTOR = YES;
				GCC_WARN_UNINITIALIZED_AUTOS = YES_AGGRESSIVE;
				GCC_WARN_UNUSED_FUNCTION = YES;
				GCC_WARN_UNUSED_VARIABLE = YES;
				IPHONEOS_DEPLOYMENT_TARGET = 15.2;
				MTL_ENABLE_DEBUG_INFO = NO;
				MTL_FAST_MATH = YES;
				SDKROOT = iphoneos;
				SWIFT_COMPILATION_MODE = wholemodule;
				SWIFT_OPTIMIZATION_LEVEL = "-O";
				VALIDATE_PRODUCT = YES;
			};
			name = Release;
		};
		6B9B3CE727DD6FAF0073324C /* Debug */ = {
			isa = XCBuildConfiguration;
			baseConfigurationReference = 88CD8E886929EBC6BC7A829A /* Pods-localfood.debug.xcconfig */;
			buildSettings = {
				ASSETCATALOG_COMPILER_APPICON_NAME = AppIcon;
				ASSETCATALOG_COMPILER_GLOBAL_ACCENT_COLOR_NAME = AccentColor;
				CODE_SIGN_STYLE = Automatic;
				CURRENT_PROJECT_VERSION = 2;
				DEVELOPMENT_TEAM = N38G4DGA67;
				GENERATE_INFOPLIST_FILE = YES;
				INFOPLIST_FILE = localfood/Info.plist;
				INFOPLIST_KEY_UIApplicationSupportsIndirectInputEvents = YES;
				INFOPLIST_KEY_UILaunchStoryboardName = LaunchScreen;
				INFOPLIST_KEY_UIMainStoryboardFile = Main;
				INFOPLIST_KEY_UISupportedInterfaceOrientations = UIInterfaceOrientationPortrait;
				INFOPLIST_KEY_UISupportedInterfaceOrientations_iPad = "UIInterfaceOrientationPortrait UIInterfaceOrientationPortraitUpsideDown UIInterfaceOrientationLandscapeLeft UIInterfaceOrientationLandscapeRight";
				INFOPLIST_KEY_UISupportedInterfaceOrientations_iPhone = UIInterfaceOrientationPortrait;
				INFOPLIST_KEY_UIUserInterfaceStyle = Light;
				LD_RUNPATH_SEARCH_PATHS = (
					"$(inherited)",
					"@executable_path/Frameworks",
				);
				MARKETING_VERSION = 1.0;
				PRODUCT_BUNDLE_IDENTIFIER = "com.mspv2-us.localfood";
				PRODUCT_NAME = "$(TARGET_NAME)";
				SWIFT_EMIT_LOC_STRINGS = YES;
				SWIFT_VERSION = 5.0;
				TARGETED_DEVICE_FAMILY = "1,2";
			};
			name = Debug;
		};
		6B9B3CE827DD6FAF0073324C /* Release */ = {
			isa = XCBuildConfiguration;
			baseConfigurationReference = 38D1F5157C2B0D4F26AE83A4 /* Pods-localfood.release.xcconfig */;
			buildSettings = {
				ASSETCATALOG_COMPILER_APPICON_NAME = AppIcon;
				ASSETCATALOG_COMPILER_GLOBAL_ACCENT_COLOR_NAME = AccentColor;
				CODE_SIGN_STYLE = Automatic;
				CURRENT_PROJECT_VERSION = 2;
				DEVELOPMENT_TEAM = N38G4DGA67;
				GENERATE_INFOPLIST_FILE = YES;
				INFOPLIST_FILE = localfood/Info.plist;
				INFOPLIST_KEY_UIApplicationSupportsIndirectInputEvents = YES;
				INFOPLIST_KEY_UILaunchStoryboardName = LaunchScreen;
				INFOPLIST_KEY_UIMainStoryboardFile = Main;
				INFOPLIST_KEY_UISupportedInterfaceOrientations = UIInterfaceOrientationPortrait;
				INFOPLIST_KEY_UISupportedInterfaceOrientations_iPad = "UIInterfaceOrientationPortrait UIInterfaceOrientationPortraitUpsideDown UIInterfaceOrientationLandscapeLeft UIInterfaceOrientationLandscapeRight";
				INFOPLIST_KEY_UISupportedInterfaceOrientations_iPhone = UIInterfaceOrientationPortrait;
				INFOPLIST_KEY_UIUserInterfaceStyle = Light;
				LD_RUNPATH_SEARCH_PATHS = (
					"$(inherited)",
					"@executable_path/Frameworks",
				);
				MARKETING_VERSION = 1.0;
				PRODUCT_BUNDLE_IDENTIFIER = "com.mspv2-us.localfood";
				PRODUCT_NAME = "$(TARGET_NAME)";
				SWIFT_EMIT_LOC_STRINGS = YES;
				SWIFT_VERSION = 5.0;
				TARGETED_DEVICE_FAMILY = "1,2";
			};
			name = Release;
		};
		6B9B3CEA27DD6FAF0073324C /* Debug */ = {
			isa = XCBuildConfiguration;
			baseConfigurationReference = 97E460E8841AE4F06C90BED2 /* Pods-localfoodTests.debug.xcconfig */;
			buildSettings = {
				ALWAYS_EMBED_SWIFT_STANDARD_LIBRARIES = YES;
				BUNDLE_LOADER = "$(TEST_HOST)";
				CODE_SIGN_STYLE = Automatic;
				CURRENT_PROJECT_VERSION = 1;
				DEVELOPMENT_TEAM = N38G4DGA67;
				GENERATE_INFOPLIST_FILE = YES;
				IPHONEOS_DEPLOYMENT_TARGET = 15.2;
				MARKETING_VERSION = 1.0;
				PRODUCT_BUNDLE_IDENTIFIER = com.mspv2.localfoodTests;
				PRODUCT_NAME = "$(TARGET_NAME)";
				SWIFT_EMIT_LOC_STRINGS = NO;
				SWIFT_VERSION = 5.0;
				TARGETED_DEVICE_FAMILY = "1,2";
				TEST_HOST = "$(BUILT_PRODUCTS_DIR)/localfood.app/localfood";
			};
			name = Debug;
		};
		6B9B3CEB27DD6FAF0073324C /* Release */ = {
			isa = XCBuildConfiguration;
			baseConfigurationReference = 545016FAA1D366AFB937BAA8 /* Pods-localfoodTests.release.xcconfig */;
			buildSettings = {
				ALWAYS_EMBED_SWIFT_STANDARD_LIBRARIES = YES;
				BUNDLE_LOADER = "$(TEST_HOST)";
				CODE_SIGN_STYLE = Automatic;
				CURRENT_PROJECT_VERSION = 1;
				DEVELOPMENT_TEAM = N38G4DGA67;
				GENERATE_INFOPLIST_FILE = YES;
				IPHONEOS_DEPLOYMENT_TARGET = 15.2;
				MARKETING_VERSION = 1.0;
				PRODUCT_BUNDLE_IDENTIFIER = com.mspv2.localfoodTests;
				PRODUCT_NAME = "$(TARGET_NAME)";
				SWIFT_EMIT_LOC_STRINGS = NO;
				SWIFT_VERSION = 5.0;
				TARGETED_DEVICE_FAMILY = "1,2";
				TEST_HOST = "$(BUILT_PRODUCTS_DIR)/localfood.app/localfood";
			};
			name = Release;
		};
		6B9B3CED27DD6FAF0073324C /* Debug */ = {
			isa = XCBuildConfiguration;
			baseConfigurationReference = 7D158DF51F3A6EC9F9D39AAB /* Pods-localfood-localfoodUITests.debug.xcconfig */;
			buildSettings = {
				ALWAYS_EMBED_SWIFT_STANDARD_LIBRARIES = YES;
				CODE_SIGN_STYLE = Automatic;
				CURRENT_PROJECT_VERSION = 1;
				DEVELOPMENT_TEAM = N38G4DGA67;
				GENERATE_INFOPLIST_FILE = YES;
				MARKETING_VERSION = 1.0;
				PRODUCT_BUNDLE_IDENTIFIER = com.mspv2.localfoodUITests;
				PRODUCT_NAME = "$(TARGET_NAME)";
				SWIFT_EMIT_LOC_STRINGS = NO;
				SWIFT_VERSION = 5.0;
				TARGETED_DEVICE_FAMILY = "1,2";
				TEST_TARGET_NAME = localfood;
			};
			name = Debug;
		};
		6B9B3CEE27DD6FAF0073324C /* Release */ = {
			isa = XCBuildConfiguration;
			baseConfigurationReference = 0C045D95D4E10EE9137EEFA1 /* Pods-localfood-localfoodUITests.release.xcconfig */;
			buildSettings = {
				ALWAYS_EMBED_SWIFT_STANDARD_LIBRARIES = YES;
				CODE_SIGN_STYLE = Automatic;
				CURRENT_PROJECT_VERSION = 1;
				DEVELOPMENT_TEAM = N38G4DGA67;
				GENERATE_INFOPLIST_FILE = YES;
				MARKETING_VERSION = 1.0;
				PRODUCT_BUNDLE_IDENTIFIER = com.mspv2.localfoodUITests;
				PRODUCT_NAME = "$(TARGET_NAME)";
				SWIFT_EMIT_LOC_STRINGS = NO;
				SWIFT_VERSION = 5.0;
				TARGETED_DEVICE_FAMILY = "1,2";
				TEST_TARGET_NAME = localfood;
			};
			name = Release;
		};
/* End XCBuildConfiguration section */

/* Begin XCConfigurationList section */
		6B9B3CB727DD6FAE0073324C /* Build configuration list for PBXProject "localfood" */ = {
			isa = XCConfigurationList;
			buildConfigurations = (
				6B9B3CE427DD6FAF0073324C /* Debug */,
				6B9B3CE527DD6FAF0073324C /* Release */,
			);
			defaultConfigurationIsVisible = 0;
			defaultConfigurationName = Release;
		};
		6B9B3CE627DD6FAF0073324C /* Build configuration list for PBXNativeTarget "localfood" */ = {
			isa = XCConfigurationList;
			buildConfigurations = (
				6B9B3CE727DD6FAF0073324C /* Debug */,
				6B9B3CE827DD6FAF0073324C /* Release */,
			);
			defaultConfigurationIsVisible = 0;
			defaultConfigurationName = Release;
		};
		6B9B3CE927DD6FAF0073324C /* Build configuration list for PBXNativeTarget "localfoodTests" */ = {
			isa = XCConfigurationList;
			buildConfigurations = (
				6B9B3CEA27DD6FAF0073324C /* Debug */,
				6B9B3CEB27DD6FAF0073324C /* Release */,
			);
			defaultConfigurationIsVisible = 0;
			defaultConfigurationName = Release;
		};
		6B9B3CEC27DD6FAF0073324C /* Build configuration list for PBXNativeTarget "localfoodUITests" */ = {
			isa = XCConfigurationList;
			buildConfigurations = (
				6B9B3CED27DD6FAF0073324C /* Debug */,
				6B9B3CEE27DD6FAF0073324C /* Release */,
			);
			defaultConfigurationIsVisible = 0;
			defaultConfigurationName = Release;
		};
/* End XCConfigurationList section */
	};
	rootObject = 6B9B3CB427DD6FAE0073324C /* Project object */;
}
